
Microsoft Visual Studio Solution File, Format Version 12.00
# Visual Studio 15
VisualStudioVersion = 15.0.28010.2046
MinimumVisualStudioVersion = 10.0.40219.1
Project("{8BC9CEB8-8B4A-11D0-8D11-00A0C91BC942}") = "Cuda_Lib", "Cuda_Lib\Cuda_Lib.vcxproj", "{58E8B9B4-81B5-4785-97D0-32515823A40F}"
EndProject
Global
	GlobalSection(SolutionConfigurationPlatforms) = preSolution
		Debug|x64 = Debug|x64
		Release|x64 = Release|x64
	EndGlobalSection
	GlobalSection(ProjectConfigurationPlatforms) = postSolution
		{58E8B9B4-81B5-4785-97D0-32515823A40F}.Debug|x64.ActiveCfg = Debug|x64
		{58E8B9B4-81B5-4785-97D0-32515823A40F}.Debug|x64.Build.0 = Debug|x64
		{58E8B9B4-81B5-4785-97D0-32515823A40F}.Release|x64.ActiveCfg = Release|x64
		{58E8B9B4-81B5-4785-97D0-32515823A40F}.Release|x64.Build.0 = Release|x64
	EndGlobalSection
	GlobalSection(SolutionProperties) = preSolution
		HideSolutionNode = FALSE
	EndGlobalSection
	GlobalSection(ExtensibilityGlobals) = postSolution
		SolutionGuid = {AADCE5A6-8439-4830-9502-E9403027061E}
	EndGlobalSection
EndGlobal
